
Microsoft Visual Studio Solution File, Format Version 12.00
# Visual Studio 2017
Project("{FAE04EC0-301F-11D3-BF4B-00C04F79EFBC}") = "OfficeRage", "OfficeRage.csproj", "{DECE2BA6-436C-50ED-3170-D5244B823418}"
EndProject
Global
	GlobalSection(SolutionConfigurationPlatforms) = preSolution
		Debug|Any CPU = Debug|Any CPU
		Release|Any CPU = Release|Any CPU
	EndGlobalSection
	GlobalSection(ProjectConfigurationPlatforms) = postSolution
		{DECE2BA6-436C-50ED-3170-D5244B823418}.Debug|Any CPU.ActiveCfg = Debug|Any CPU
		{DECE2BA6-436C-50ED-3170-D5244B823418}.Debug|Any CPU.Build.0 = Debug|Any CPU
		{DECE2BA6-436C-50ED-3170-D5244B823418}.Release|Any CPU.ActiveCfg = Release|Any CPU
		{DECE2BA6-436C-50ED-3170-D5244B823418}.Release|Any CPU.Build.0 = Release|Any CPU
	EndGlobalSection
	GlobalSection(SolutionProperties) = preSolution
		HideSolutionNode = FALSE
	EndGlobalSection
EndGlobal
